// !$*UTF8*$!
{
	archiveVersion = 1;
	classes = {
	};
	objectVersion = 52;
	objects = {

/* Begin PBXBuildFile section */
		D10DB42B25EAB3090088D6BC /* MathApp2_0App.swift in Sources */ = {isa = PBXBuildFile; fileRef = D10DB42A25EAB3090088D6BC /* MathApp2_0App.swift */; };
		D10DB42D25EAB3090088D6BC /* ContentView.swift in Sources */ = {isa = PBXBuildFile; fileRef = D10DB42C25EAB3090088D6BC /* ContentView.swift */; };
		D10DB42F25EAB30B0088D6BC /* Assets.xcassets in Resources */ = {isa = PBXBuildFile; fileRef = D10DB42E25EAB30B0088D6BC /* Assets.xcassets */; };
		D10DB43225EAB30B0088D6BC /* Preview Assets.xcassets in Resources */ = {isa = PBXBuildFile; fileRef = D10DB43125EAB30B0088D6BC /* Preview Assets.xcassets */; };
		D10DB43D25EAB30B0088D6BC /* MathApp2_0Tests.swift in Sources */ = {isa = PBXBuildFile; fileRef = D10DB43C25EAB30B0088D6BC /* MathApp2_0Tests.swift */; };
		D10DB44825EAB30B0088D6BC /* MathApp2_0UITests.swift in Sources */ = {isa = PBXBuildFile; fileRef = D10DB44725EAB30B0088D6BC /* MathApp2_0UITests.swift */; };
		D10DB45A25EAB6130088D6BC /* FirebaseFirestoreSwift-Beta in Frameworks */ = {isa = PBXBuildFile; productRef = D10DB45925EAB6130088D6BC /* FirebaseFirestoreSwift-Beta */; };
		D10DB45C25EAB6130088D6BC /* FirebaseAnalytics in Frameworks */ = {isa = PBXBuildFile; productRef = D10DB45B25EAB6130088D6BC /* FirebaseAnalytics */; };
		D10DB45E25EAB6130088D6BC /* FirebaseAuth in Frameworks */ = {isa = PBXBuildFile; productRef = D10DB45D25EAB6130088D6BC /* FirebaseAuth */; };
		D10DB46025EAB6130088D6BC /* FirebaseFirestore in Frameworks */ = {isa = PBXBuildFile; productRef = D10DB45F25EAB6130088D6BC /* FirebaseFirestore */; };
		D10DB46525EAB8480088D6BC /* Homescreen.swift in Sources */ = {isa = PBXBuildFile; fileRef = D10DB46425EAB8480088D6BC /* Homescreen.swift */; };
		D10DB46A25EAB8750088D6BC /* GameView.swift in Sources */ = {isa = PBXBuildFile; fileRef = D10DB46925EAB8750088D6BC /* GameView.swift */; };
		D10DB46F25EABAB00088D6BC /* GoogleService-Info.plist in Resources */ = {isa = PBXBuildFile; fileRef = D10DB46E25EABAB00088D6BC /* GoogleService-Info.plist */; };
/* End PBXBuildFile section */

/* Begin PBXContainerItemProxy section */
		D10DB43925EAB30B0088D6BC /* PBXContainerItemProxy */ = {
			isa = PBXContainerItemProxy;
			containerPortal = D10DB41F25EAB3090088D6BC /* Project object */;
			proxyType = 1;
			remoteGlobalIDString = D10DB42625EAB3090088D6BC;
			remoteInfo = MathApp2.0;
		};
		D10DB44425EAB30B0088D6BC /* PBXContainerItemProxy */ = {
			isa = PBXContainerItemProxy;
			containerPortal = D10DB41F25EAB3090088D6BC /* Project object */;
			proxyType = 1;
			remoteGlobalIDString = D10DB42625EAB3090088D6BC;
			remoteInfo = MathApp2.0;
		};
/* End PBXContainerItemProxy section */

/* Begin PBXFileReference section */
		D10DB42725EAB3090088D6BC /* MathApp2.0.app */ = {isa = PBXFileReference; explicitFileType = wrapper.application; includeInIndex = 0; path = MathApp2.0.app; sourceTree = BUILT_PRODUCTS_DIR; };
		D10DB42A25EAB3090088D6BC /* MathApp2_0App.swift */ = {isa = PBXFileReference; lastKnownFileType = sourcecode.swift; path = MathApp2_0App.swift; sourceTree = "<group>"; };
		D10DB42C25EAB3090088D6BC /* ContentView.swift */ = {isa = PBXFileReference; lastKnownFileType = sourcecode.swift; path = ContentView.swift; sourceTree = "<group>"; };
		D10DB42E25EAB30B0088D6BC /* Assets.xcassets */ = {isa = PBXFileReference; lastKnownFileType = folder.assetcatalog; path = Assets.xcassets; sourceTree = "<group>"; };
		D10DB43125EAB30B0088D6BC /* Preview Assets.xcassets */ = {isa = PBXFileReference; lastKnownFileType = folder.assetcatalog; path = "Preview Assets.xcassets"; sourceTree = "<group>"; };
		D10DB43325EAB30B0088D6BC /* Info.plist */ = {isa = PBXFileReference; lastKnownFileType = text.plist.xml; path = Info.plist; sourceTree = "<group>"; };
		D10DB43825EAB30B0088D6BC /* MathApp2.0Tests.xctest */ = {isa = PBXFileReference; explicitFileType = wrapper.cfbundle; includeInIndex = 0; path = MathApp2.0Tests.xctest; sourceTree = BUILT_PRODUCTS_DIR; };
		D10DB43C25EAB30B0088D6BC /* MathApp2_0Tests.swift */ = {isa = PBXFileReference; lastKnownFileType = sourcecode.swift; path = MathApp2_0Tests.swift; sourceTree = "<group>"; };
		D10DB43E25EAB30B0088D6BC /* Info.plist */ = {isa = PBXFileReference; lastKnownFileType = text.plist.xml; path = Info.plist; sourceTree = "<group>"; };
		D10DB44325EAB30B0088D6BC /* MathApp2.0UITests.xctest */ = {isa = PBXFileReference; explicitFileType = wrapper.cfbundle; includeInIndex = 0; path = MathApp2.0UITests.xctest; sourceTree = BUILT_PRODUCTS_DIR; };
		D10DB44725EAB30B0088D6BC /* MathApp2_0UITests.swift */ = {isa = PBXFileReference; lastKnownFileType = sourcecode.swift; path = MathApp2_0UITests.swift; sourceTree = "<group>"; };
		D10DB44925EAB30B0088D6BC /* Info.plist */ = {isa = PBXFileReference; lastKnownFileType = text.plist.xml; path = Info.plist; sourceTree = "<group>"; };
		D10DB46425EAB8480088D6BC /* Homescreen.swift */ = {isa = PBXFileReference; lastKnownFileType = sourcecode.swift; path = Homescreen.swift; sourceTree = "<group>"; };
		D10DB46925EAB8750088D6BC /* GameView.swift */ = {isa = PBXFileReference; lastKnownFileType = sourcecode.swift; path = GameView.swift; sourceTree = "<group>"; };
		D10DB46E25EABAB00088D6BC /* GoogleService-Info.plist */ = {isa = PBXFileReference; fileEncoding = 4; lastKnownFileType = text.plist.xml; path = "GoogleService-Info.plist"; sourceTree = "<group>"; };
/* End PBXFileReference section */

/* Begin PBXFrameworksBuildPhase section */
		D10DB42425EAB3090088D6BC /* Frameworks */ = {
			isa = PBXFrameworksBuildPhase;
			buildActionMask = 2147483647;
			files = (
				D10DB45C25EAB6130088D6BC /* FirebaseAnalytics in Frameworks */,
				D10DB46025EAB6130088D6BC /* FirebaseFirestore in Frameworks */,
				D10DB45E25EAB6130088D6BC /* FirebaseAuth in Frameworks */,
				D10DB45A25EAB6130088D6BC /* FirebaseFirestoreSwift-Beta in Frameworks */,
			);
			runOnlyForDeploymentPostprocessing = 0;
		};
		D10DB43525EAB30B0088D6BC /* Frameworks */ = {
			isa = PBXFrameworksBuildPhase;
			buildActionMask = 2147483647;
			files = (
			);
			runOnlyForDeploymentPostprocessing = 0;
		};
		D10DB44025EAB30B0088D6BC /* Frameworks */ = {
			isa = PBXFrameworksBuildPhase;
			buildActionMask = 2147483647;
			files = (
			);
			runOnlyForDeploymentPostprocessing = 0;
		};
/* End PBXFrameworksBuildPhase section */

/* Begin PBXGroup section */
		D10DB41E25EAB3090088D6BC = {
			isa = PBXGroup;
			children = (
				D10DB42925EAB3090088D6BC /* MathApp2.0 */,
				D10DB43B25EAB30B0088D6BC /* MathApp2.0Tests */,
				D10DB44625EAB30B0088D6BC /* MathApp2.0UITests */,
				D10DB42825EAB3090088D6BC /* Products */,
			);
			sourceTree = "<group>";
		};
		D10DB42825EAB3090088D6BC /* Products */ = {
			isa = PBXGroup;
			children = (
				D10DB42725EAB3090088D6BC /* MathApp2.0.app */,
				D10DB43825EAB30B0088D6BC /* MathApp2.0Tests.xctest */,
				D10DB44325EAB30B0088D6BC /* MathApp2.0UITests.xctest */,
			);
			name = Products;
			sourceTree = "<group>";
		};
		D10DB42925EAB3090088D6BC /* MathApp2.0 */ = {
			isa = PBXGroup;
			children = (
				D10DB46E25EABAB00088D6BC /* GoogleService-Info.plist */,
				D10DB42A25EAB3090088D6BC /* MathApp2_0App.swift */,
				D10DB42C25EAB3090088D6BC /* ContentView.swift */,
				D10DB46425EAB8480088D6BC /* Homescreen.swift */,
				D10DB46925EAB8750088D6BC /* GameView.swift */,
				D10DB42E25EAB30B0088D6BC /* Assets.xcassets */,
				D10DB43325EAB30B0088D6BC /* Info.plist */,
				D10DB43025EAB30B0088D6BC /* Preview Content */,
			);
			path = MathApp2.0;
			sourceTree = "<group>";
		};
		D10DB43025EAB30B0088D6BC /* Preview Content */ = {
			isa = PBXGroup;
			children = (
				D10DB43125EAB30B0088D6BC /* Preview Assets.xcassets */,
			);
			path = "Preview Content";
			sourceTree = "<group>";
		};
		D10DB43B25EAB30B0088D6BC /* MathApp2.0Tests */ = {
			isa = PBXGroup;
			children = (
				D10DB43C25EAB30B0088D6BC /* MathApp2_0Tests.swift */,
				D10DB43E25EAB30B0088D6BC /* Info.plist */,
			);
			path = MathApp2.0Tests;
			sourceTree = "<group>";
		};
		D10DB44625EAB30B0088D6BC /* MathApp2.0UITests */ = {
			isa = PBXGroup;
			children = (
				D10DB44725EAB30B0088D6BC /* MathApp2_0UITests.swift */,
				D10DB44925EAB30B0088D6BC /* Info.plist */,
			);
			path = MathApp2.0UITests;
			sourceTree = "<group>";
		};
/* End PBXGroup section */

/* Begin PBXNativeTarget section */
		D10DB42625EAB3090088D6BC /* MathApp2.0 */ = {
			isa = PBXNativeTarget;
			buildConfigurationList = D10DB44C25EAB30B0088D6BC /* Build configuration list for PBXNativeTarget "MathApp2.0" */;
			buildPhases = (
				D10DB42325EAB3090088D6BC /* Sources */,
				D10DB42425EAB3090088D6BC /* Frameworks */,
				D10DB42525EAB3090088D6BC /* Resources */,
			);
			buildRules = (
			);
			dependencies = (
			);
			name = MathApp2.0;
			packageProductDependencies = (
				D10DB45925EAB6130088D6BC /* FirebaseFirestoreSwift-Beta */,
				D10DB45B25EAB6130088D6BC /* FirebaseAnalytics */,
				D10DB45D25EAB6130088D6BC /* FirebaseAuth */,
				D10DB45F25EAB6130088D6BC /* FirebaseFirestore */,
			);
			productName = MathApp2.0;
			productReference = D10DB42725EAB3090088D6BC /* MathApp2.0.app */;
			productType = "com.apple.product-type.application";
		};
		D10DB43725EAB30B0088D6BC /* MathApp2.0Tests */ = {
			isa = PBXNativeTarget;
			buildConfigurationList = D10DB44F25EAB30B0088D6BC /* Build configuration list for PBXNativeTarget "MathApp2.0Tests" */;
			buildPhases = (
				D10DB43425EAB30B0088D6BC /* Sources */,
				D10DB43525EAB30B0088D6BC /* Frameworks */,
				D10DB43625EAB30B0088D6BC /* Resources */,
			);
			buildRules = (
			);
			dependencies = (
				D10DB43A25EAB30B0088D6BC /* PBXTargetDependency */,
			);
			name = MathApp2.0Tests;
			productName = MathApp2.0Tests;
			productReference = D10DB43825EAB30B0088D6BC /* MathApp2.0Tests.xctest */;
			productType = "com.apple.product-type.bundle.unit-test";
		};
		D10DB44225EAB30B0088D6BC /* MathApp2.0UITests */ = {
			isa = PBXNativeTarget;
			buildConfigurationList = D10DB45225EAB30B0088D6BC /* Build configuration list for PBXNativeTarget "MathApp2.0UITests" */;
			buildPhases = (
				D10DB43F25EAB30B0088D6BC /* Sources */,
				D10DB44025EAB30B0088D6BC /* Frameworks */,
				D10DB44125EAB30B0088D6BC /* Resources */,
			);
			buildRules = (
			);
			dependencies = (
				D10DB44525EAB30B0088D6BC /* PBXTargetDependency */,
			);
			name = MathApp2.0UITests;
			productName = MathApp2.0UITests;
			productReference = D10DB44325EAB30B0088D6BC /* MathApp2.0UITests.xctest */;
			productType = "com.apple.product-type.bundle.ui-testing";
		};
/* End PBXNativeTarget section */

/* Begin PBXProject section */
		D10DB41F25EAB3090088D6BC /* Project object */ = {
			isa = PBXProject;
			attributes = {
				LastSwiftUpdateCheck = 1240;
				LastUpgradeCheck = 1240;
				TargetAttributes = {
					D10DB42625EAB3090088D6BC = {
						CreatedOnToolsVersion = 12.4;
					};
					D10DB43725EAB30B0088D6BC = {
						CreatedOnToolsVersion = 12.4;
						TestTargetID = D10DB42625EAB3090088D6BC;
					};
					D10DB44225EAB30B0088D6BC = {
						CreatedOnToolsVersion = 12.4;
						TestTargetID = D10DB42625EAB3090088D6BC;
					};
				};
			};
			buildConfigurationList = D10DB42225EAB3090088D6BC /* Build configuration list for PBXProject "MathApp2.0" */;
			compatibilityVersion = "Xcode 9.3";
			developmentRegion = en;
			hasScannedForEncodings = 0;
			knownRegions = (
				en,
				Base,
			);
			mainGroup = D10DB41E25EAB3090088D6BC;
			packageReferences = (
				D10DB45825EAB6130088D6BC /* XCRemoteSwiftPackageReference "firebase-ios-sdk" */,
			);
			productRefGroup = D10DB42825EAB3090088D6BC /* Products */;
			projectDirPath = "";
			projectRoot = "";
			targets = (
				D10DB42625EAB3090088D6BC /* MathApp2.0 */,
				D10DB43725EAB30B0088D6BC /* MathApp2.0Tests */,
				D10DB44225EAB30B0088D6BC /* MathApp2.0UITests */,
			);
		};
/* End PBXProject section */

/* Begin PBXResourcesBuildPhase section */
		D10DB42525EAB3090088D6BC /* Resources */ = {
			isa = PBXResourcesBuildPhase;
			buildActionMask = 2147483647;
			files = (
				D10DB43225EAB30B0088D6BC /* Preview Assets.xcassets in Resources */,
				D10DB42F25EAB30B0088D6BC /* Assets.xcassets in Resources */,
				D10DB46F25EABAB00088D6BC /* GoogleService-Info.plist in Resources */,
			);
			runOnlyForDeploymentPostprocessing = 0;
		};
		D10DB43625EAB30B0088D6BC /* Resources */ = {
			isa = PBXResourcesBuildPhase;
			buildActionMask = 2147483647;
			files = (
			);
			runOnlyForDeploymentPostprocessing = 0;
		};
		D10DB44125EAB30B0088D6BC /* Resources */ = {
			isa = PBXResourcesBuildPhase;
			buildActionMask = 2147483647;
			files = (
			);
			runOnlyForDeploymentPostprocessing = 0;
		};
/* End PBXResourcesBuildPhase section */

/* Begin PBXSourcesBuildPhase section */
		D10DB42325EAB3090088D6BC /* Sources */ = {
			isa = PBXSourcesBuildPhase;
			buildActionMask = 2147483647;
			files = (
				D10DB42D25EAB3090088D6BC /* ContentView.swift in Sources */,
				D10DB46525EAB8480088D6BC /* Homescreen.swift in Sources */,
				D10DB46A25EAB8750088D6BC /* GameView.swift in Sources */,
				D10DB42B25EAB3090088D6BC /* MathApp2_0App.swift in Sources */,
			);
			runOnlyForDeploymentPostprocessing = 0;
		};
		D10DB43425EAB30B0088D6BC /* Sources */ = {
			isa = PBXSourcesBuildPhase;
			buildActionMask = 2147483647;
			files = (
				D10DB43D25EAB30B0088D6BC /* MathApp2_0Tests.swift in Sources */,
			);
			runOnlyForDeploymentPostprocessing = 0;
		};
		D10DB43F25EAB30B0088D6BC /* Sources */ = {
			isa = PBXSourcesBuildPhase;
			buildActionMask = 2147483647;
			files = (
				D10DB44825EAB30B0088D6BC /* MathApp2_0UITests.swift in Sources */,
			);
			runOnlyForDeploymentPostprocessing = 0;
		};
/* End PBXSourcesBuildPhase section */

/* Begin PBXTargetDependency section */
		D10DB43A25EAB30B0088D6BC /* PBXTargetDependency */ = {
			isa = PBXTargetDependency;
			target = D10DB42625EAB3090088D6BC /* MathApp2.0 */;
			targetProxy = D10DB43925EAB30B0088D6BC /* PBXContainerItemProxy */;
		};
		D10DB44525EAB30B0088D6BC /* PBXTargetDependency */ = {
			isa = PBXTargetDependency;
			target = D10DB42625EAB3090088D6BC /* MathApp2.0 */;
			targetProxy = D10DB44425EAB30B0088D6BC /* PBXContainerItemProxy */;
		};
/* End PBXTargetDependency section */

/* Begin XCBuildConfiguration section */
		D10DB44A25EAB30B0088D6BC /* Debug */ = {
			isa = XCBuildConfiguration;
			buildSettings = {
				ALWAYS_SEARCH_USER_PATHS = NO;
				CLANG_ANALYZER_NONNULL = YES;
				CLANG_ANALYZER_NUMBER_OBJECT_CONVERSION = YES_AGGRESSIVE;
				CLANG_CXX_LANGUAGE_STANDARD = "gnu++14";
				CLANG_CXX_LIBRARY = "libc++";
				CLANG_ENABLE_MODULES = YES;
				CLANG_ENABLE_OBJC_ARC = YES;
				CLANG_ENABLE_OBJC_WEAK = YES;
				CLANG_WARN_BLOCK_CAPTURE_AUTORELEASING = YES;
				CLANG_WARN_BOOL_CONVERSION = YES;
				CLANG_WARN_COMMA = YES;
				CLANG_WARN_CONSTANT_CONVERSION = YES;
				CLANG_WARN_DEPRECATED_OBJC_IMPLEMENTATIONS = YES;
				CLANG_WARN_DIRECT_OBJC_ISA_USAGE = YES_ERROR;
				CLANG_WARN_DOCUMENTATION_COMMENTS = YES;
				CLANG_WARN_EMPTY_BODY = YES;
				CLANG_WARN_ENUM_CONVERSION = YES;
				CLANG_WARN_INFINITE_RECURSION = YES;
				CLANG_WARN_INT_CONVERSION = YES;
				CLANG_WARN_NON_LITERAL_NULL_CONVERSION = YES;
				CLANG_WARN_OBJC_IMPLICIT_RETAIN_SELF = YES;
				CLANG_WARN_OBJC_LITERAL_CONVERSION = YES;
				CLANG_WARN_OBJC_ROOT_CLASS = YES_ERROR;
				CLANG_WARN_QUOTED_INCLUDE_IN_FRAMEWORK_HEADER = YES;
				CLANG_WARN_RANGE_LOOP_ANALYSIS = YES;
				CLANG_WARN_STRICT_PROTOTYPES = YES;
				CLANG_WARN_SUSPICIOUS_MOVE = YES;
				CLANG_WARN_UNGUARDED_AVAILABILITY = YES_AGGRESSIVE;
				CLANG_WARN_UNREACHABLE_CODE = YES;
				CLANG_WARN__DUPLICATE_METHOD_MATCH = YES;
				COPY_PHASE_STRIP = NO;
				DEBUG_INFORMATION_FORMAT = dwarf;
				ENABLE_STRICT_OBJC_MSGSEND = YES;
				ENABLE_TESTABILITY = YES;
				GCC_C_LANGUAGE_STANDARD = gnu11;
				GCC_DYNAMIC_NO_PIC = NO;
				GCC_NO_COMMON_BLOCKS = YES;
				GCC_OPTIMIZATION_LEVEL = 0;
				GCC_PREPROCESSOR_DEFINITIONS = (
					"DEBUG=1",
					"$(inherited)",
				);
				GCC_WARN_64_TO_32_BIT_CONVERSION = YES;
				GCC_WARN_ABOUT_RETURN_TYPE = YES_ERROR;
				GCC_WARN_UNDECLARED_SELECTOR = YES;
				GCC_WARN_UNINITIALIZED_AUTOS = YES_AGGRESSIVE;
				GCC_WARN_UNUSED_FUNCTION = YES;
				GCC_WARN_UNUSED_VARIABLE = YES;
				IPHONEOS_DEPLOYMENT_TARGET = 14.4;
				MTL_ENABLE_DEBUG_INFO = INCLUDE_SOURCE;
				MTL_FAST_MATH = YES;
				ONLY_ACTIVE_ARCH = YES;
				SDKROOT = iphoneos;
				SWIFT_ACTIVE_COMPILATION_CONDITIONS = DEBUG;
				SWIFT_OPTIMIZATION_LEVEL = "-Onone";
			};
			name = Debug;
		};
		D10DB44B25EAB30B0088D6BC /* Release */ = {
			isa = XCBuildConfiguration;
			buildSettings = {
				ALWAYS_SEARCH_USER_PATHS = NO;
				CLANG_ANALYZER_NONNULL = YES;
				CLANG_ANALYZER_NUMBER_OBJECT_CONVERSION = YES_AGGRESSIVE;
				CLANG_CXX_LANGUAGE_STANDARD = "gnu++14";
				CLANG_CXX_LIBRARY = "libc++";
				CLANG_ENABLE_MODULES = YES;
				CLANG_ENABLE_OBJC_ARC = YES;
				CLANG_ENABLE_OBJC_WEAK = YES;
				CLANG_WARN_BLOCK_CAPTURE_AUTORELEASING = YES;
				CLANG_WARN_BOOL_CONVERSION = YES;
				CLANG_WARN_COMMA = YES;
				CLANG_WARN_CONSTANT_CONVERSION = YES;
				CLANG_WARN_DEPRECATED_OBJC_IMPLEMENTATIONS = YES;
				CLANG_WARN_DIRECT_OBJC_ISA_USAGE = YES_ERROR;
				CLANG_WARN_DOCUMENTATION_COMMENTS = YES;
				CLANG_WARN_EMPTY_BODY = YES;
				CLANG_WARN_ENUM_CONVERSION = YES;
				CLANG_WARN_INFINITE_RECURSION = YES;
				CLANG_WARN_INT_CONVERSION = YES;
				CLANG_WARN_NON_LITERAL_NULL_CONVERSION = YES;
				CLANG_WARN_OBJC_IMPLICIT_RETAIN_SELF = YES;
				CLANG_WARN_OBJC_LITERAL_CONVERSION = YES;
				CLANG_WARN_OBJC_ROOT_CLASS = YES_ERROR;
				CLANG_WARN_QUOTED_INCLUDE_IN_FRAMEWORK_HEADER = YES;
				CLANG_WARN_RANGE_LOOP_ANALYSIS = YES;
				CLANG_WARN_STRICT_PROTOTYPES = YES;
				CLANG_WARN_SUSPICIOUS_MOVE = YES;
				CLANG_WARN_UNGUARDED_AVAILABILITY = YES_AGGRESSIVE;
				CLANG_WARN_UNREACHABLE_CODE = YES;
				CLANG_WARN__DUPLICATE_METHOD_MATCH = YES;
				COPY_PHASE_STRIP = NO;
				DEBUG_INFORMATION_FORMAT = "dwarf-with-dsym";
				ENABLE_NS_ASSERTIONS = NO;
				ENABLE_STRICT_OBJC_MSGSEND = YES;
				GCC_C_LANGUAGE_STANDARD = gnu11;
				GCC_NO_COMMON_BLOCKS = YES;
				GCC_WARN_64_TO_32_BIT_CONVERSION = YES;
				GCC_WARN_ABOUT_RETURN_TYPE = YES_ERROR;
				GCC_WARN_UNDECLARED_SELECTOR = YES;
				GCC_WARN_UNINITIALIZED_AUTOS = YES_AGGRESSIVE;
				GCC_WARN_UNUSED_FUNCTION = YES;
				GCC_WARN_UNUSED_VARIABLE = YES;
				IPHONEOS_DEPLOYMENT_TARGET = 14.4;
				MTL_ENABLE_DEBUG_INFO = NO;
				MTL_FAST_MATH = YES;
				SDKROOT = iphoneos;
				SWIFT_COMPILATION_MODE = wholemodule;
				SWIFT_OPTIMIZATION_LEVEL = "-O";
				VALIDATE_PRODUCT = YES;
			};
			name = Release;
		};
		D10DB44D25EAB30B0088D6BC /* Debug */ = {
			isa = XCBuildConfiguration;
			buildSettings = {
				ASSETCATALOG_COMPILER_APPICON_NAME = AppIcon;
				ASSETCATALOG_COMPILER_GLOBAL_ACCENT_COLOR_NAME = AccentColor;
				CODE_SIGN_STYLE = Automatic;
				DEVELOPMENT_ASSET_PATHS = "\"MathApp2.0/Preview Content\"";
				ENABLE_PREVIEWS = YES;
				INFOPLIST_FILE = MathApp2.0/Info.plist;
				IPHONEOS_DEPLOYMENT_TARGET = 14.0;
				LD_RUNPATH_SEARCH_PATHS = (
					"$(inherited)",
					"@executable_path/Frameworks",
				);
				PRODUCT_BUNDLE_IDENTIFIER = "johan.MathApp2-0";
				PRODUCT_NAME = "$(TARGET_NAME)";
				SWIFT_VERSION = 5.0;
				TARGETED_DEVICE_FAMILY = "1,2";
			};
			name = Debug;
		};
		D10DB44E25EAB30B0088D6BC /* Release */ = {
			isa = XCBuildConfiguration;
			buildSettings = {
				ASSETCATALOG_COMPILER_APPICON_NAME = AppIcon;
				ASSETCATALOG_COMPILER_GLOBAL_ACCENT_COLOR_NAME = AccentColor;
				CODE_SIGN_STYLE = Automatic;
				DEVELOPMENT_ASSET_PATHS = "\"MathApp2.0/Preview Content\"";
				ENABLE_PREVIEWS = YES;
				INFOPLIST_FILE = MathApp2.0/Info.plist;
				IPHONEOS_DEPLOYMENT_TARGET = 14.0;
				LD_RUNPATH_SEARCH_PATHS = (
					"$(inherited)",
					"@executable_path/Frameworks",
				);
				PRODUCT_BUNDLE_IDENTIFIER = "johan.MathApp2-0";
				PRODUCT_NAME = "$(TARGET_NAME)";
				SWIFT_VERSION = 5.0;
				TARGETED_DEVICE_FAMILY = "1,2";
			};
			name = Release;
		};
		D10DB45025EAB30B0088D6BC /* Debug */ = {
			isa = XCBuildConfiguration;
			buildSettings = {
				ALWAYS_EMBED_SWIFT_STANDARD_LIBRARIES = YES;
				BUNDLE_LOADER = "$(TEST_HOST)";
				CODE_SIGN_STYLE = Automatic;
				INFOPLIST_FILE = MathApp2.0Tests/Info.plist;
				IPHONEOS_DEPLOYMENT_TARGET = 14.0;
				LD_RUNPATH_SEARCH_PATHS = (
					"$(inherited)",
					"@executable_path/Frameworks",
					"@loader_path/Frameworks",
				);
				PRODUCT_BUNDLE_IDENTIFIER = "johan.MathApp2-0Tests";
				PRODUCT_NAME = "$(TARGET_NAME)";
				SWIFT_VERSION = 5.0;
				TARGETED_DEVICE_FAMILY = "1,2";
				TEST_HOST = "$(BUILT_PRODUCTS_DIR)/MathApp2.0.app/MathApp2.0";
			};
			name = Debug;
		};
		D10DB45125EAB30B0088D6BC /* Release */ = {
			isa = XCBuildConfiguration;
			buildSettings = {
				ALWAYS_EMBED_SWIFT_STANDARD_LIBRARIES = YES;
				BUNDLE_LOADER = "$(TEST_HOST)";
				CODE_SIGN_STYLE = Automatic;
				INFOPLIST_FILE = MathApp2.0Tests/Info.plist;
				IPHONEOS_DEPLOYMENT_TARGET = 14.0;
				LD_RUNPATH_SEARCH_PATHS = (
					"$(inherited)",
					"@executable_path/Frameworks",
					"@loader_path/Frameworks",
				);
				PRODUCT_BUNDLE_IDENTIFIER = "johan.MathApp2-0Tests";
				PRODUCT_NAME = "$(TARGET_NAME)";
				SWIFT_VERSION = 5.0;
				TARGETED_DEVICE_FAMILY = "1,2";
				TEST_HOST = "$(BUILT_PRODUCTS_DIR)/MathApp2.0.app/MathApp2.0";
			};
			name = Release;
		};
		D10DB45325EAB30B0088D6BC /* Debug */ = {
			isa = XCBuildConfiguration;
			buildSettings = {
				ALWAYS_EMBED_SWIFT_STANDARD_LIBRARIES = YES;
				CODE_SIGN_STYLE = Automatic;
				INFOPLIST_FILE = MathApp2.0UITests/Info.plist;
				LD_RUNPATH_SEARCH_PATHS = (
					"$(inherited)",
					"@executable_path/Frameworks",
					"@loader_path/Frameworks",
				);
				PRODUCT_BUNDLE_IDENTIFIER = "johan.MathApp2-0UITests";
				PRODUCT_NAME = "$(TARGET_NAME)";
				SWIFT_VERSION = 5.0;
				TARGETED_DEVICE_FAMILY = "1,2";
				TEST_TARGET_NAME = MathApp2.0;
			};
			name = Debug;
		};
		D10DB45425EAB30B0088D6BC /* Release */ = {
			isa = XCBuildConfiguration;
			buildSettings = {
				ALWAYS_EMBED_SWIFT_STANDARD_LIBRARIES = YES;
				CODE_SIGN_STYLE = Automatic;
				INFOPLIST_FILE = MathApp2.0UITests/Info.plist;
				LD_RUNPATH_SEARCH_PATHS = (
					"$(inherited)",
					"@executable_path/Frameworks",
					"@loader_path/Frameworks",
				);
				PRODUCT_BUNDLE_IDENTIFIER = "johan.MathApp2-0UITests";
				PRODUCT_NAME = "$(TARGET_NAME)";
				SWIFT_VERSION = 5.0;
				TARGETED_DEVICE_FAMILY = "1,2";
				TEST_TARGET_NAME = MathApp2.0;
			};
			name = Release;
		};
/* End XCBuildConfiguration section */

/* Begin XCConfigurationList section */
		D10DB42225EAB3090088D6BC /* Build configuration list for PBXProject "MathApp2.0" */ = {
			isa = XCConfigurationList;
			buildConfigurations = (
				D10DB44A25EAB30B0088D6BC /* Debug */,
				D10DB44B25EAB30B0088D6BC /* Release */,
			);
			defaultConfigurationIsVisible = 0;
			defaultConfigurationName = Release;
		};
		D10DB44C25EAB30B0088D6BC /* Build configuration list for PBXNativeTarget "MathApp2.0" */ = {
			isa = XCConfigurationList;
			buildConfigurations = (
				D10DB44D25EAB30B0088D6BC /* Debug */,
				D10DB44E25EAB30B0088D6BC /* Release */,
			);
			defaultConfigurationIsVisible = 0;
			defaultConfigurationName = Release;
		};
		D10DB44F25EAB30B0088D6BC /* Build configuration list for PBXNativeTarget "MathApp2.0Tests" */ = {
			isa = XCConfigurationList;
			buildConfigurations = (
				D10DB45025EAB30B0088D6BC /* Debug */,
				D10DB45125EAB30B0088D6BC /* Release */,
			);
			defaultConfigurationIsVisible = 0;
			defaultConfigurationName = Release;
		};
		D10DB45225EAB30B0088D6BC /* Build configuration list for PBXNativeTarget "MathApp2.0UITests" */ = {
			isa = XCConfigurationList;
			buildConfigurations = (
				D10DB45325EAB30B0088D6BC /* Debug */,
				D10DB45425EAB30B0088D6BC /* Release */,
			);
			defaultConfigurationIsVisible = 0;
			defaultConfigurationName = Release;
		};
/* End XCConfigurationList section */

/* Begin XCRemoteSwiftPackageReference section */
		D10DB45825EAB6130088D6BC /* XCRemoteSwiftPackageReference "firebase-ios-sdk" */ = {
			isa = XCRemoteSwiftPackageReference;
			repositoryURL = "https://github.com/firebase/firebase-ios-sdk.git";
			requirement = {
				kind = upToNextMajorVersion;
				minimumVersion = 7.7.0;
			};
		};
/* End XCRemoteSwiftPackageReference section */

/* Begin XCSwiftPackageProductDependency section */
		D10DB45925EAB6130088D6BC /* FirebaseFirestoreSwift-Beta */ = {
			isa = XCSwiftPackageProductDependency;
			package = D10DB45825EAB6130088D6BC /* XCRemoteSwiftPackageReference "firebase-ios-sdk" */;
			productName = "FirebaseFirestoreSwift-Beta";
		};
		D10DB45B25EAB6130088D6BC /* FirebaseAnalytics */ = {
			isa = XCSwiftPackageProductDependency;
			package = D10DB45825EAB6130088D6BC /* XCRemoteSwiftPackageReference "firebase-ios-sdk" */;
			productName = FirebaseAnalytics;
		};
		D10DB45D25EAB6130088D6BC /* FirebaseAuth */ = {
			isa = XCSwiftPackageProductDependency;
			package = D10DB45825EAB6130088D6BC /* XCRemoteSwiftPackageReference "firebase-ios-sdk" */;
			productName = FirebaseAuth;
		};
		D10DB45F25EAB6130088D6BC /* FirebaseFirestore */ = {
			isa = XCSwiftPackageProductDependency;
			package = D10DB45825EAB6130088D6BC /* XCRemoteSwiftPackageReference "firebase-ios-sdk" */;
			productName = FirebaseFirestore;
		};
/* End XCSwiftPackageProductDependency section */
	};
	rootObject = D10DB41F25EAB3090088D6BC /* Project object */;
}
